// !$*UTF8*$!
{
	archiveVersion = 1;
	classes = {
	};
	objectVersion = 77;
	objects = {

/* Begin PBXBuildFile section */
		18665732FDF66A450597598C /* Nuke in Frameworks */ = {isa = PBXBuildFile; productRef = 3055848B06D3ADDFD57B313F /* Nuke */; };
		3CC921F8A5BA6208AC236A64 /* NukeUI in Frameworks */ = {isa = PBXBuildFile; productRef = A6A0CF445C4387329B59B8EA /* NukeUI */; };
		F42CD9A62FBF6648008B9D90 /* ListenUpActivityKit in Frameworks */ = {isa = PBXBuildFile; productRef = F42CD9A52FBF6648008B9D90 /* ListenUpActivityKit */; };
		F42CD9A82FBF664E008B9D90 /* ListenUpActivityKit in Frameworks */ = {isa = PBXBuildFile; productRef = F42CD9A72FBF664E008B9D90 /* ListenUpActivityKit */; };
		F4A6DB422F3EC7F200F9C38D /* WidgetKit.framework in Frameworks */ = {isa = PBXBuildFile; fileRef = F4A6DB412F3EC7F200F9C38D /* WidgetKit.framework */; };
		F4A6DB442F3EC7F200F9C38D /* SwiftUI.framework in Frameworks */ = {isa = PBXBuildFile; fileRef = F4A6DB432F3EC7F200F9C38D /* SwiftUI.framework */; };
		F4A6DB552F3EC7F200F9C38D /* ListenUpWidgetsExtension.appex in Embed Foundation Extensions */ = {isa = PBXBuildFile; fileRef = F4A6DB3F2F3EC7F200F9C38D /* ListenUpWidgetsExtension.appex */; settings = {ATTRIBUTES = (RemoveHeadersOnCopy, ); }; };
/* End PBXBuildFile section */

/* Begin PBXContainerItemProxy section */
		1FC182189D1B49E1BF6EBFD8 /* PBXContainerItemProxy */ = {
			isa = PBXContainerItemProxy;
			containerPortal = BE39FFB3155C6847EF0CFA5D /* Project object */;
			proxyType = 1;
			remoteGlobalIDString = 7BAAD05E534B00C963664416;
			remoteInfo = ListenUp;
		};
		F4A6DB532F3EC7F200F9C38D /* PBXContainerItemProxy */ = {
			isa = PBXContainerItemProxy;
			containerPortal = BE39FFB3155C6847EF0CFA5D /* Project object */;
			proxyType = 1;
			remoteGlobalIDString = F4A6DB3E2F3EC7F200F9C38D;
			remoteInfo = ListenUpWidgetsExtension;
		};
/* End PBXContainerItemProxy section */

/* Begin PBXCopyFilesBuildPhase section */
		F4A6DB5A2F3EC7F200F9C38D /* Embed Foundation Extensions */ = {
			isa = PBXCopyFilesBuildPhase;
			buildActionMask = 2147483647;
			dstPath = "";
			dstSubfolderSpec = 13;
			files = (
				F4A6DB552F3EC7F200F9C38D /* ListenUpWidgetsExtension.appex in Embed Foundation Extensions */,
			);
			name = "Embed Foundation Extensions";
			runOnlyForDeploymentPostprocessing = 0;
		};
/* End PBXCopyFilesBuildPhase section */

/* Begin PBXFileReference section */
		8E6E37047B9E4CE1B6B36533 /* ListenUpTests.xctest */ = {isa = PBXFileReference; explicitFileType = wrapper.cfbundle; includeInIndex = 0; path = ListenUpTests.xctest; sourceTree = BUILT_PRODUCTS_DIR; };
		E757F5D28662E4BCC0992649 /* ListenUp.app */ = {isa = PBXFileReference; explicitFileType = wrapper.application; includeInIndex = 0; path = ListenUp.app; sourceTree = BUILT_PRODUCTS_DIR; };
		F42CD9A92FBF666E008B9D90 /* ListenUpWidgetsExtension.entitlements */ = {isa = PBXFileReference; lastKnownFileType = text.plist.entitlements; path = ListenUpWidgetsExtension.entitlements; sourceTree = "<group>"; };
		F4A6DB3F2F3EC7F200F9C38D /* ListenUpWidgetsExtension.appex */ = {isa = PBXFileReference; explicitFileType = "wrapper.app-extension"; includeInIndex = 0; path = ListenUpWidgetsExtension.appex; sourceTree = BUILT_PRODUCTS_DIR; };
		F4A6DB412F3EC7F200F9C38D /* WidgetKit.framework */ = {isa = PBXFileReference; lastKnownFileType = wrapper.framework; name = WidgetKit.framework; path = System/Library/Frameworks/WidgetKit.framework; sourceTree = SDKROOT; };
		F4A6DB432F3EC7F200F9C38D /* SwiftUI.framework */ = {isa = PBXFileReference; lastKnownFileType = wrapper.framework; name = SwiftUI.framework; path = System/Library/Frameworks/SwiftUI.framework; sourceTree = SDKROOT; };
/* End PBXFileReference section */

/* Begin PBXFileSystemSynchronizedBuildFileExceptionSet section */
		2CD8B17B8CD93251BAA9E461 /* Exceptions for "ListenUp" folder in "ListenUp" target */ = {
			isa = PBXFileSystemSynchronizedBuildFileExceptionSet;
			membershipExceptions = (
				Info.plist,
			);
			target = 7BAAD05E534B00C963664416 /* ListenUp */;
		};
		F4A6DB592F3EC7F200F9C38D /* Exceptions for "ListenUpWidgets" folder in "ListenUpWidgetsExtension" target */ = {
			isa = PBXFileSystemSynchronizedBuildFileExceptionSet;
			membershipExceptions = (
				Info.plist,
			);
			target = F4A6DB3E2F3EC7F200F9C38D /* ListenUpWidgetsExtension */;
		};
/* End PBXFileSystemSynchronizedBuildFileExceptionSet section */

/* Begin PBXFileSystemSynchronizedRootGroup section */
		B486AB56B99FB470D7294198 /* Configuration */ = {
			isa = PBXFileSystemSynchronizedRootGroup;
			path = Configuration;
			sourceTree = "<group>";
		};
		C8EF4017F06459C992EEE7AF /* ListenUp */ = {
			isa = PBXFileSystemSynchronizedRootGroup;
			exceptions = (
				2CD8B17B8CD93251BAA9E461 /* Exceptions for "ListenUp" folder in "ListenUp" target */,
			);
			path = ListenUp;
			sourceTree = "<group>";
		};
		D6FB2F3845C34DB4A3FCAD45 /* ListenUpTests */ = {
			isa = PBXFileSystemSynchronizedRootGroup;
			path = ListenUpTests;
			sourceTree = "<group>";
		};
		F4A6DB452F3EC7F200F9C38D /* ListenUpWidgets */ = {
			isa = PBXFileSystemSynchronizedRootGroup;
			exceptions = (
				F4A6DB592F3EC7F200F9C38D /* Exceptions for "ListenUpWidgets" folder in "ListenUpWidgetsExtension" target */,
			);
			path = ListenUpWidgets;
			sourceTree = "<group>";
		};
/* End PBXFileSystemSynchronizedRootGroup section */

/* Begin PBXFrameworksBuildPhase section */
		02553F58E40F4222B88FCF61 /* Frameworks */ = {
			isa = PBXFrameworksBuildPhase;
			buildActionMask = 2147483647;
			files = (
			);
			runOnlyForDeploymentPostprocessing = 0;
		};
		083A2EE4FAD19A01E87C0BDC /* Frameworks */ = {
			isa = PBXFrameworksBuildPhase;
			buildActionMask = 2147483647;
			files = (
				F42CD9A62FBF6648008B9D90 /* ListenUpActivityKit in Frameworks */,
				18665732FDF66A450597598C /* Nuke in Frameworks */,
				3CC921F8A5BA6208AC236A64 /* NukeUI in Frameworks */,
			);
			runOnlyForDeploymentPostprocessing = 0;
		};
		F4A6DB3C2F3EC7F200F9C38D /* Frameworks */ = {
			isa = PBXFrameworksBuildPhase;
			buildActionMask = 2147483647;
			files = (
				F4A6DB442F3EC7F200F9C38D /* SwiftUI.framework in Frameworks */,
				F42CD9A82FBF664E008B9D90 /* ListenUpActivityKit in Frameworks */,
				F4A6DB422F3EC7F200F9C38D /* WidgetKit.framework in Frameworks */,
			);
			runOnlyForDeploymentPostprocessing = 0;
		};
/* End PBXFrameworksBuildPhase section */

/* Begin PBXGroup section */
		7D03785E9BAFAE3D23661EBE = {
			isa = PBXGroup;
			children = (
				F42CD9A92FBF666E008B9D90 /* ListenUpWidgetsExtension.entitlements */,
				B486AB56B99FB470D7294198 /* Configuration */,
				C8EF4017F06459C992EEE7AF /* ListenUp */,
				D6FB2F3845C34DB4A3FCAD45 /* ListenUpTests */,
				F4A6DB452F3EC7F200F9C38D /* ListenUpWidgets */,
				F4A6DB402F3EC7F200F9C38D /* Frameworks */,
				EEAD733FF191DDE1E49EE100 /* Products */,
			);
			sourceTree = "<group>";
		};
		EEAD733FF191DDE1E49EE100 /* Products */ = {
			isa = PBXGroup;
			children = (
				E757F5D28662E4BCC0992649 /* ListenUp.app */,
				8E6E37047B9E4CE1B6B36533 /* ListenUpTests.xctest */,
				F4A6DB3F2F3EC7F200F9C38D /* ListenUpWidgetsExtension.appex */,
			);
			name = Products;
			sourceTree = "<group>";
		};
		F4A6DB402F3EC7F200F9C38D /* Frameworks */ = {
			isa = PBXGroup;
			children = (
				F4A6DB412F3EC7F200F9C38D /* WidgetKit.framework */,
				F4A6DB432F3EC7F200F9C38D /* SwiftUI.framework */,
			);
			name = Frameworks;
			sourceTree = "<group>";
		};
/* End PBXGroup section */

/* Begin PBXNativeTarget section */
		71B3A3B2BCCD4F9EB2617E6C /* ListenUpTests */ = {
			isa = PBXNativeTarget;
			buildConfigurationList = 7DCD8BFD274341658930A83F /* Build configuration list for PBXNativeTarget "ListenUpTests" */;
			buildPhases = (
				54CFCCCDC3BC4B6EAFC22A52 /* Sources */,
				02553F58E40F4222B88FCF61 /* Frameworks */,
				A1B2C3D4E5F60718293A4B5C /* Resources */,
			);
			buildRules = (
			);
			dependencies = (
				59583B5AE1A94F6CA077A352 /* PBXTargetDependency */,
			);
			fileSystemSynchronizedGroups = (
				D6FB2F3845C34DB4A3FCAD45 /* ListenUpTests */,
			);
			name = ListenUpTests;
			packageProductDependencies = (
			);
			productName = ListenUpTests;
			productReference = 8E6E37047B9E4CE1B6B36533 /* ListenUpTests.xctest */;
			productType = "com.apple.product-type.bundle.unit-test";
		};
		7BAAD05E534B00C963664416 /* ListenUp */ = {
			isa = PBXNativeTarget;
			buildConfigurationList = AAEEE04B50268D0B337A19DA /* Build configuration list for PBXNativeTarget "ListenUp" */;
			buildPhases = (
				A1833E2915FAAE5EE3D06CDE /* Compile Kotlin Framework */,
				B7F3A1D2E8C94F00A1234567 /* Generate Localizable Strings */,
				4F231F98269E63AD8DD96559 /* Sources */,
				083A2EE4FAD19A01E87C0BDC /* Frameworks */,
				1608610647EAC967881A3D58 /* Resources */,
				F4A6DB5A2F3EC7F200F9C38D /* Embed Foundation Extensions */,
			);
			buildRules = (
			);
			dependencies = (
				F4A6DB542F3EC7F200F9C38D /* PBXTargetDependency */,
			);
			fileSystemSynchronizedGroups = (
				C8EF4017F06459C992EEE7AF /* ListenUp */,
			);
			name = ListenUp;
			packageProductDependencies = (
				F42CD9A52FBF6648008B9D90 /* ListenUpActivityKit */,
				3055848B06D3ADDFD57B313F /* Nuke */,
				A6A0CF445C4387329B59B8EA /* NukeUI */,
			);
			productName = ListenUp;
			productReference = E757F5D28662E4BCC0992649 /* ListenUp.app */;
			productType = "com.apple.product-type.application";
		};
		F4A6DB3E2F3EC7F200F9C38D /* ListenUpWidgetsExtension */ = {
			isa = PBXNativeTarget;
			buildConfigurationList = F4A6DB562F3EC7F200F9C38D /* Build configuration list for PBXNativeTarget "ListenUpWidgetsExtension" */;
			buildPhases = (
				F4A6DB3B2F3EC7F200F9C38D /* Sources */,
				F4A6DB3C2F3EC7F200F9C38D /* Frameworks */,
				F4A6DB3D2F3EC7F200F9C38D /* Resources */,
			);
			buildRules = (
			);
			dependencies = (
			);
			fileSystemSynchronizedGroups = (
				F4A6DB452F3EC7F200F9C38D /* ListenUpWidgets */,
			);
			name = ListenUpWidgetsExtension;
			packageProductDependencies = (
				F42CD9A72FBF664E008B9D90 /* ListenUpActivityKit */,
			);
			productName = ListenUpWidgetsExtension;
			productReference = F4A6DB3F2F3EC7F200F9C38D /* ListenUpWidgetsExtension.appex */;
			productType = "com.apple.product-type.app-extension";
		};
/* End PBXNativeTarget section */

/* Begin PBXProject section */
		BE39FFB3155C6847EF0CFA5D /* Project object */ = {
			isa = PBXProject;
			attributes = {
				BuildIndependentTargetsInParallel = 1;
				LastSwiftUpdateCheck = 2620;
				LastUpgradeCheck = 2620;
				TargetAttributes = {
					71B3A3B2BCCD4F9EB2617E6C = {
						CreatedOnToolsVersion = 16.2;
						TestTargetID = 7BAAD05E534B00C963664416;
					};
					7BAAD05E534B00C963664416 = {
						CreatedOnToolsVersion = 16.2;
					};
					F4A6DB3E2F3EC7F200F9C38D = {
						CreatedOnToolsVersion = 26.2;
					};
				};
			};
			buildConfigurationList = D3D43E4B8DA1C114EDB693B0 /* Build configuration list for PBXProject "ListenUp" */;
			developmentRegion = en;
			hasScannedForEncodings = 0;
			knownRegions = (
				en,
				Base,
			);
			mainGroup = 7D03785E9BAFAE3D23661EBE;
			minimizedProjectReferenceProxies = 1;
			packageReferences = (
				F42CD9A42FBF6648008B9D90 /* XCLocalSwiftPackageReference "ListenUpActivityKit" */,
				EF6DB00BE5D7C371DEADA76A /* XCRemoteSwiftPackageReference "Nuke" */,
			);
			preferredProjectObjectVersion = 77;
			productRefGroup = EEAD733FF191DDE1E49EE100 /* Products */;
			projectDirPath = "";
			projectRoot = "";
			targets = (
				7BAAD05E534B00C963664416 /* ListenUp */,
				71B3A3B2BCCD4F9EB2617E6C /* ListenUpTests */,
				F4A6DB3E2F3EC7F200F9C38D /* ListenUpWidgetsExtension */,
			);
		};
/* End PBXProject section */

/* Begin PBXResourcesBuildPhase section */
		1608610647EAC967881A3D58 /* Resources */ = {
			isa = PBXResourcesBuildPhase;
			buildActionMask = 2147483647;
			files = (
			);
			runOnlyForDeploymentPostprocessing = 0;
		};
		A1B2C3D4E5F60718293A4B5C /* Resources */ = {
			isa = PBXResourcesBuildPhase;
			buildActionMask = 2147483647;
			files = (
			);
			runOnlyForDeploymentPostprocessing = 0;
		};
		F4A6DB3D2F3EC7F200F9C38D /* Resources */ = {
			isa = PBXResourcesBuildPhase;
			buildActionMask = 2147483647;
			files = (
			);
			runOnlyForDeploymentPostprocessing = 0;
		};
/* End PBXResourcesBuildPhase section */

/* Begin PBXShellScriptBuildPhase section */
		A1833E2915FAAE5EE3D06CDE /* Compile Kotlin Framework */ = {
			isa = PBXShellScriptBuildPhase;
			alwaysOutOfDate = 1;
			buildActionMask = 2147483647;
			files = (
			);
			inputFileListPaths = (
			);
			inputPaths = (
			);
			name = "Compile Kotlin Framework";
			outputFileListPaths = (
			);
			outputPaths = (
			);
			runOnlyForDeploymentPostprocessing = 0;
			shellPath = /bin/sh;
			shellScript = "if [ \"YES\" = \"$OVERRIDE_KOTLIN_BUILD_IDE_SUPPORTED\" ]; then\n  echo \"Skipping Gradle build task invocation due to OVERRIDE_KOTLIN_BUILD_IDE_SUPPORTED environment variable set to \\\"YES\\\"\"\n  exit 0\nfi\n\n# Set JAVA_HOME to ensure Gradle uses the correct Java version\nexport JAVA_HOME=\"/opt/homebrew/opt/openjdk@21/libexec/openjdk.jdk/Contents/Home\"\n\ncd \"$SRCROOT/..\"\n./gradlew :app:sharedLogic:embedSwiftExportForXcode\n";
		};
		B7F3A1D2E8C94F00A1234567 /* Generate Localizable Strings */ = {
			isa = PBXShellScriptBuildPhase;
			buildActionMask = 2147483647;
			files = (
			);
			inputFileListPaths = (
			);
			inputPaths = (
				"$(SRCROOT)/../app/sharedLogic/src/commonMain/resources/strings/en.json",
			);
			name = "Generate Localizable Strings";
			outputFileListPaths = (
			);
			outputPaths = (
				"$(SRCROOT)/ListenUp/Resources/Localizable.xcstrings",
			);
			runOnlyForDeploymentPostprocessing = 0;
			shellPath = /bin/sh;
			shellScript = "if [ \"YES\" = \"$OVERRIDE_KOTLIN_BUILD_IDE_SUPPORTED\" ]; then\n  echo \"Skipping Gradle build task invocation due to OVERRIDE_KOTLIN_BUILD_IDE_SUPPORTED environment variable set to \\\"YES\\\"\"\n  exit 0\nfi\n\n# Set JAVA_HOME to ensure Gradle uses the correct Java version\nexport JAVA_HOME=\"/opt/homebrew/opt/openjdk@21/libexec/openjdk.jdk/Contents/Home\"\n\ncd \"$SRCROOT/..\"\n./gradlew :app:sharedUI:generateStrings\n";
		};
/* End PBXShellScriptBuildPhase section */

/* Begin PBXSourcesBuildPhase section */
		4F231F98269E63AD8DD96559 /* Sources */ = {
			isa = PBXSourcesBuildPhase;
			buildActionMask = 2147483647;
			files = (
			);
			runOnlyForDeploymentPostprocessing = 0;
		};
		54CFCCCDC3BC4B6EAFC22A52 /* Sources */ = {
			isa = PBXSourcesBuildPhase;
			buildActionMask = 2147483647;
			files = (
			);
			runOnlyForDeploymentPostprocessing = 0;
		};
		F4A6DB3B2F3EC7F200F9C38D /* Sources */ = {
			isa = PBXSourcesBuildPhase;
			buildActionMask = 2147483647;
			files = (
			);
			runOnlyForDeploymentPostprocessing = 0;
		};
/* End PBXSourcesBuildPhase section */

/* Begin PBXTargetDependency section */
		59583B5AE1A94F6CA077A352 /* PBXTargetDependency */ = {
			isa = PBXTargetDependency;
			target = 7BAAD05E534B00C963664416 /* ListenUp */;
			targetProxy = 1FC182189D1B49E1BF6EBFD8 /* PBXContainerItemProxy */;
		};
		F4A6DB542F3EC7F200F9C38D /* PBXTargetDependency */ = {
			isa = PBXTargetDependency;
			target = F4A6DB3E2F3EC7F200F9C38D /* ListenUpWidgetsExtension */;
			targetProxy = F4A6DB532F3EC7F200F9C38D /* PBXContainerItemProxy */;
		};
/* End PBXTargetDependency section */

/* Begin XCBuildConfiguration section */
		0B1F6494EE16460C9F8332E6 /* Debug */ = {
			isa = XCBuildConfiguration;
			buildSettings = {
				BUNDLE_LOADER = "$(TEST_HOST)";
				CODE_SIGN_STYLE = Automatic;
				GENERATE_INFOPLIST_FILE = YES;
				IPHONEOS_DEPLOYMENT_TARGET = 26.0;
				PRODUCT_BUNDLE_IDENTIFIER = "com.calypsan.listenup.client.ios$(TEAM_ID).tests";
				PRODUCT_NAME = "$(TARGET_NAME)";
				SWIFT_VERSION = 6.0;
				TEST_HOST = "$(BUILT_PRODUCTS_DIR)/ListenUp.app/ListenUp";
			};
			name = Debug;
		};
		0D831DD16647A3ADCD4FAA49 /* Release */ = {
			isa = XCBuildConfiguration;
			baseConfigurationReferenceAnchor = B486AB56B99FB470D7294198 /* Configuration */;
			baseConfigurationReferenceRelativePath = Config.xcconfig;
			buildSettings = {
				ALWAYS_SEARCH_USER_PATHS = NO;
				ASSETCATALOG_COMPILER_GENERATE_SWIFT_ASSET_SYMBOL_EXTENSIONS = YES;
				CLANG_ANALYZER_NONNULL = YES;
				CLANG_ANALYZER_NUMBER_OBJECT_CONVERSION = YES_AGGRESSIVE;
				CLANG_CXX_LANGUAGE_STANDARD = "gnu++20";
				CLANG_ENABLE_MODULES = YES;
				CLANG_ENABLE_OBJC_ARC = YES;
				CLANG_ENABLE_OBJC_WEAK = YES;
				CLANG_WARN_BLOCK_CAPTURE_AUTORELEASING = YES;
				CLANG_WARN_BOOL_CONVERSION = YES;
				CLANG_WARN_COMMA = YES;
				CLANG_WARN_CONSTANT_CONVERSION = YES;
				CLANG_WARN_DEPRECATED_OBJC_IMPLEMENTATIONS = YES;
				CLANG_WARN_DIRECT_OBJC_ISA_USAGE = YES_ERROR;
				CLANG_WARN_DOCUMENTATION_COMMENTS = YES;
				CLANG_WARN_EMPTY_BODY = YES;
				CLANG_WARN_ENUM_CONVERSION = YES;
				CLANG_WARN_INFINITE_RECURSION = YES;
				CLANG_WARN_INT_CONVERSION = YES;
				CLANG_WARN_NON_LITERAL_NULL_CONVERSION = YES;
				CLANG_WARN_OBJC_IMPLICIT_RETAIN_SELF = YES;
				CLANG_WARN_OBJC_LITERAL_CONVERSION = YES;
				CLANG_WARN_OBJC_ROOT_CLASS = YES_ERROR;
				CLANG_WARN_QUOTED_INCLUDE_IN_FRAMEWORK_HEADER = YES;
				CLANG_WARN_RANGE_LOOP_ANALYSIS = YES;
				CLANG_WARN_STRICT_PROTOTYPES = YES;
				CLANG_WARN_SUSPICIOUS_MOVE = YES;
				CLANG_WARN_UNGUARDED_AVAILABILITY = YES_AGGRESSIVE;
				CLANG_WARN_UNREACHABLE_CODE = YES;
				CLANG_WARN__DUPLICATE_METHOD_MATCH = YES;
				COPY_PHASE_STRIP = NO;
				DEBUG_INFORMATION_FORMAT = "dwarf-with-dsym";
				DEVELOPMENT_TEAM = GSTW88284W;
				ENABLE_NS_ASSERTIONS = NO;
				ENABLE_STRICT_OBJC_MSGSEND = YES;
				ENABLE_USER_SCRIPT_SANDBOXING = NO;
				GCC_C_LANGUAGE_STANDARD = gnu17;
				GCC_NO_COMMON_BLOCKS = YES;
				GCC_WARN_64_TO_32_BIT_CONVERSION = YES;
				GCC_WARN_ABOUT_RETURN_TYPE = YES_ERROR;
				GCC_WARN_UNDECLARED_SELECTOR = YES;
				GCC_WARN_UNINITIALIZED_AUTOS = YES_AGGRESSIVE;
				GCC_WARN_UNUSED_FUNCTION = YES;
				GCC_WARN_UNUSED_VARIABLE = YES;
				IPHONEOS_DEPLOYMENT_TARGET = 26.0;
				LOCALIZATION_PREFERS_STRING_CATALOGS = YES;
				MTL_ENABLE_DEBUG_INFO = NO;
				MTL_FAST_MATH = YES;
				SDKROOT = iphoneos;
				STRING_CATALOG_GENERATE_SYMBOLS = YES;
				SWIFT_COMPILATION_MODE = wholemodule;
				VALIDATE_PRODUCT = YES;
			};
			name = Release;
		};
		59A1634DBEA1A4E0B199AD5F /* Debug */ = {
			isa = XCBuildConfiguration;
			buildSettings = {
				ASSETCATALOG_COMPILER_APPICON_NAME = AppIcon;
				ASSETCATALOG_COMPILER_GLOBAL_ACCENT_COLOR_NAME = AccentColor;
				CODE_SIGN_ENTITLEMENTS = ListenUp/ListenUp.entitlements;
				CODE_SIGN_IDENTITY = "Apple Development";
				CODE_SIGN_STYLE = Automatic;
				DEVELOPMENT_ASSET_PATHS = "\"ListenUp/Preview Content\"";
				ENABLE_APP_SANDBOX = YES;
				ENABLE_HARDENED_RUNTIME = YES;
				ENABLE_OUTGOING_NETWORK_CONNECTIONS = YES;
				ENABLE_PREVIEWS = YES;
				GENERATE_INFOPLIST_FILE = YES;
				INFOPLIST_FILE = ListenUp/Info.plist;
				INFOPLIST_KEY_CFBundleDisplayName = ListenUp;
				INFOPLIST_KEY_UIApplicationSceneManifest_Generation = YES;
				INFOPLIST_KEY_UIApplicationSupportsIndirectInputEvents = YES;
				INFOPLIST_KEY_UILaunchScreen_Generation = YES;
				INFOPLIST_KEY_UISupportedInterfaceOrientations_iPad = "UIInterfaceOrientationPortrait UIInterfaceOrientationPortraitUpsideDown UIInterfaceOrientationLandscapeLeft UIInterfaceOrientationLandscapeRight";
				INFOPLIST_KEY_UISupportedInterfaceOrientations_iPhone = "UIInterfaceOrientationPortrait UIInterfaceOrientationLandscapeLeft UIInterfaceOrientationLandscapeRight";
				IPHONEOS_DEPLOYMENT_TARGET = 26.0;
				LD_RUNPATH_SEARCH_PATHS = (
					"$(inherited)",
					"@executable_path/Frameworks",
				);
				REGISTER_APP_GROUPS = YES;
				SUPPORTED_PLATFORMS = "appletvos appletvsimulator iphoneos iphonesimulator macosx";
				SUPPORTS_MACCATALYST = NO;
				SUPPORTS_MAC_DESIGNED_FOR_IPHONE_IPAD = NO;
				SUPPORTS_XR_DESIGNED_FOR_IPHONE_IPAD = NO;
				SWIFT_EMIT_LOC_STRINGS = YES;
				SWIFT_VERSION = 6.0;
				TARGETED_DEVICE_FAMILY = "1,2,3";
			};
			name = Debug;
		};
		756125F7766BC2F6706AA7AA /* Debug */ = {
			isa = XCBuildConfiguration;
			baseConfigurationReferenceAnchor = B486AB56B99FB470D7294198 /* Configuration */;
			baseConfigurationReferenceRelativePath = Config.xcconfig;
			buildSettings = {
				ALWAYS_SEARCH_USER_PATHS = NO;
				ASSETCATALOG_COMPILER_GENERATE_SWIFT_ASSET_SYMBOL_EXTENSIONS = YES;
				CLANG_ANALYZER_NONNULL = YES;
				CLANG_ANALYZER_NUMBER_OBJECT_CONVERSION = YES_AGGRESSIVE;
				CLANG_CXX_LANGUAGE_STANDARD = "gnu++20";
				CLANG_ENABLE_MODULES = YES;
				CLANG_ENABLE_OBJC_ARC = YES;
				CLANG_ENABLE_OBJC_WEAK = YES;
				CLANG_WARN_BLOCK_CAPTURE_AUTORELEASING = YES;
				CLANG_WARN_BOOL_CONVERSION = YES;
				CLANG_WARN_COMMA = YES;
				CLANG_WARN_CONSTANT_CONVERSION = YES;
				CLANG_WARN_DEPRECATED_OBJC_IMPLEMENTATIONS = YES;
				CLANG_WARN_DIRECT_OBJC_ISA_USAGE = YES_ERROR;
				CLANG_WARN_DOCUMENTATION_COMMENTS = YES;
				CLANG_WARN_EMPTY_BODY = YES;
				CLANG_WARN_ENUM_CONVERSION = YES;
				CLANG_WARN_INFINITE_RECURSION = YES;
				CLANG_WARN_INT_CONVERSION = YES;
				CLANG_WARN_NON_LITERAL_NULL_CONVERSION = YES;
				CLANG_WARN_OBJC_IMPLICIT_RETAIN_SELF = YES;
				CLANG_WARN_OBJC_LITERAL_CONVERSION = YES;
				CLANG_WARN_OBJC_ROOT_CLASS = YES_ERROR;
				CLANG_WARN_QUOTED_INCLUDE_IN_FRAMEWORK_HEADER = YES;
				CLANG_WARN_RANGE_LOOP_ANALYSIS = YES;
				CLANG_WARN_STRICT_PROTOTYPES = YES;
				CLANG_WARN_SUSPICIOUS_MOVE = YES;
				CLANG_WARN_UNGUARDED_AVAILABILITY = YES_AGGRESSIVE;
				CLANG_WARN_UNREACHABLE_CODE = YES;
				CLANG_WARN__DUPLICATE_METHOD_MATCH = YES;
				COPY_PHASE_STRIP = NO;
				DEBUG_INFORMATION_FORMAT = dwarf;
				DEVELOPMENT_TEAM = GSTW88284W;
				ENABLE_STRICT_OBJC_MSGSEND = YES;
				ENABLE_TESTABILITY = YES;
				ENABLE_USER_SCRIPT_SANDBOXING = NO;
				GCC_C_LANGUAGE_STANDARD = gnu17;
				GCC_DYNAMIC_NO_PIC = NO;
				GCC_NO_COMMON_BLOCKS = YES;
				GCC_OPTIMIZATION_LEVEL = 0;
				GCC_PREPROCESSOR_DEFINITIONS = (
					"DEBUG=1",
					"$(inherited)",
				);
				GCC_WARN_64_TO_32_BIT_CONVERSION = YES;
				GCC_WARN_ABOUT_RETURN_TYPE = YES_ERROR;
				GCC_WARN_UNDECLARED_SELECTOR = YES;
				GCC_WARN_UNINITIALIZED_AUTOS = YES_AGGRESSIVE;
				GCC_WARN_UNUSED_FUNCTION = YES;
				GCC_WARN_UNUSED_VARIABLE = YES;
				IPHONEOS_DEPLOYMENT_TARGET = 26.0;
				LOCALIZATION_PREFERS_STRING_CATALOGS = YES;
				MTL_ENABLE_DEBUG_INFO = INCLUDE_SOURCE;
				MTL_FAST_MATH = YES;
				ONLY_ACTIVE_ARCH = YES;
				SDKROOT = iphoneos;
				STRING_CATALOG_GENERATE_SYMBOLS = YES;
				SWIFT_ACTIVE_COMPILATION_CONDITIONS = "DEBUG $(inherited)";
				SWIFT_OPTIMIZATION_LEVEL = "-Onone";
			};
			name = Debug;
		};
		C2B1C3BD270A5C866FC8C3BA /* Release */ = {
			isa = XCBuildConfiguration;
			buildSettings = {
				ASSETCATALOG_COMPILER_APPICON_NAME = AppIcon;
				ASSETCATALOG_COMPILER_GLOBAL_ACCENT_COLOR_NAME = AccentColor;
				CODE_SIGN_ENTITLEMENTS = ListenUp/ListenUp.entitlements;
				CODE_SIGN_IDENTITY = "Apple Development";
				CODE_SIGN_STYLE = Automatic;
				DEVELOPMENT_ASSET_PATHS = "\"ListenUp/Preview Content\"";
				ENABLE_APP_SANDBOX = YES;
				ENABLE_HARDENED_RUNTIME = YES;
				ENABLE_OUTGOING_NETWORK_CONNECTIONS = YES;
				ENABLE_PREVIEWS = YES;
				GENERATE_INFOPLIST_FILE = YES;
				INFOPLIST_FILE = ListenUp/Info.plist;
				INFOPLIST_KEY_CFBundleDisplayName = ListenUp;
				INFOPLIST_KEY_UIApplicationSceneManifest_Generation = YES;
				INFOPLIST_KEY_UIApplicationSupportsIndirectInputEvents = YES;
				INFOPLIST_KEY_UILaunchScreen_Generation = YES;
				INFOPLIST_KEY_UISupportedInterfaceOrientations_iPad = "UIInterfaceOrientationPortrait UIInterfaceOrientationPortraitUpsideDown UIInterfaceOrientationLandscapeLeft UIInterfaceOrientationLandscapeRight";
				INFOPLIST_KEY_UISupportedInterfaceOrientations_iPhone = "UIInterfaceOrientationPortrait UIInterfaceOrientationLandscapeLeft UIInterfaceOrientationLandscapeRight";
				IPHONEOS_DEPLOYMENT_TARGET = 26.0;
				LD_RUNPATH_SEARCH_PATHS = (
					"$(inherited)",
					"@executable_path/Frameworks",
				);
				REGISTER_APP_GROUPS = YES;
				SUPPORTED_PLATFORMS = "appletvos appletvsimulator iphoneos iphonesimulator macosx";
				SUPPORTS_MACCATALYST = NO;
				SUPPORTS_MAC_DESIGNED_FOR_IPHONE_IPAD = NO;
				SUPPORTS_XR_DESIGNED_FOR_IPHONE_IPAD = NO;
				SWIFT_EMIT_LOC_STRINGS = YES;
				SWIFT_VERSION = 6.0;
				TARGETED_DEVICE_FAMILY = "1,2,3";
			};
			name = Release;
		};
		F4A6DB572F3EC7F200F9C38D /* Debug */ = {
			isa = XCBuildConfiguration;
			buildSettings = {
				ASSETCATALOG_COMPILER_GLOBAL_ACCENT_COLOR_NAME = AccentColor;
				ASSETCATALOG_COMPILER_WIDGET_BACKGROUND_COLOR_NAME = WidgetBackground;
				CODE_SIGN_ENTITLEMENTS = ListenUpWidgetsExtension.entitlements;
				CODE_SIGN_IDENTITY = "Apple Development";
				CODE_SIGN_STYLE = Automatic;
				CURRENT_PROJECT_VERSION = 1;
				ENABLE_USER_SCRIPT_SANDBOXING = YES;
				GENERATE_INFOPLIST_FILE = YES;
				INFOPLIST_FILE = ListenUpWidgets/Info.plist;
				INFOPLIST_KEY_CFBundleDisplayName = ListenUpWidgets;
				INFOPLIST_KEY_NSHumanReadableCopyright = "";
				IPHONEOS_DEPLOYMENT_TARGET = 26.0;
				LD_RUNPATH_SEARCH_PATHS = (
					"$(inherited)",
					"@executable_path/Frameworks",
					"@executable_path/../../Frameworks",
				);
				MARKETING_VERSION = 1.0;
				PRODUCT_BUNDLE_IDENTIFIER = com.calypsan.listenup.client.ios.widgets;
				PRODUCT_NAME = "$(TARGET_NAME)";
				SKIP_INSTALL = YES;
				STRING_CATALOG_GENERATE_SYMBOLS = YES;
				SWIFT_APPROACHABLE_CONCURRENCY = YES;
				SWIFT_EMIT_LOC_STRINGS = YES;
				SWIFT_UPCOMING_FEATURE_MEMBER_IMPORT_VISIBILITY = YES;
				SWIFT_VERSION = 6.0;
				TARGETED_DEVICE_FAMILY = "1,2";
			};
			name = Debug;
		};
		F4A6DB582F3EC7F200F9C38D /* Release */ = {
			isa = XCBuildConfiguration;
			buildSettings = {
				ASSETCATALOG_COMPILER_GLOBAL_ACCENT_COLOR_NAME = AccentColor;
				ASSETCATALOG_COMPILER_WIDGET_BACKGROUND_COLOR_NAME = WidgetBackground;
				CODE_SIGN_ENTITLEMENTS = ListenUpWidgetsExtension.entitlements;
				CODE_SIGN_IDENTITY = "Apple Development";
				CODE_SIGN_STYLE = Automatic;
				CURRENT_PROJECT_VERSION = 1;
				ENABLE_USER_SCRIPT_SANDBOXING = YES;
				GENERATE_INFOPLIST_FILE = YES;
				INFOPLIST_FILE = ListenUpWidgets/Info.plist;
				INFOPLIST_KEY_CFBundleDisplayName = ListenUpWidgets;
				INFOPLIST_KEY_NSHumanReadableCopyright = "";
				IPHONEOS_DEPLOYMENT_TARGET = 26.0;
				LD_RUNPATH_SEARCH_PATHS = (
					"$(inherited)",
					"@executable_path/Frameworks",
					"@executable_path/../../Frameworks",
				);
				MARKETING_VERSION = 1.0;
				PRODUCT_BUNDLE_IDENTIFIER = com.calypsan.listenup.client.ios.widgets;
				PRODUCT_NAME = "$(TARGET_NAME)";
				SKIP_INSTALL = YES;
				STRING_CATALOG_GENERATE_SYMBOLS = YES;
				SWIFT_APPROACHABLE_CONCURRENCY = YES;
				SWIFT_EMIT_LOC_STRINGS = YES;
				SWIFT_UPCOMING_FEATURE_MEMBER_IMPORT_VISIBILITY = YES;
				SWIFT_VERSION = 6.0;
				TARGETED_DEVICE_FAMILY = "1,2";
			};
			name = Release;
		};
		FBD290AA4EE64918A59B51D9 /* Release */ = {
			isa = XCBuildConfiguration;
			buildSettings = {
				BUNDLE_LOADER = "$(TEST_HOST)";
				CODE_SIGN_STYLE = Automatic;
				GENERATE_INFOPLIST_FILE = YES;
				IPHONEOS_DEPLOYMENT_TARGET = 26.0;
				PRODUCT_BUNDLE_IDENTIFIER = "com.calypsan.listenup.client.ios$(TEAM_ID).tests";
				PRODUCT_NAME = "$(TARGET_NAME)";
				SWIFT_VERSION = 6.0;
				TEST_HOST = "$(BUILT_PRODUCTS_DIR)/ListenUp.app/ListenUp";
			};
			name = Release;
		};
/* End XCBuildConfiguration section */

/* Begin XCConfigurationList section */
		7DCD8BFD274341658930A83F /* Build configuration list for PBXNativeTarget "ListenUpTests" */ = {
			isa = XCConfigurationList;
			buildConfigurations = (
				0B1F6494EE16460C9F8332E6 /* Debug */,
				FBD290AA4EE64918A59B51D9 /* Release */,
			);
			defaultConfigurationIsVisible = 0;
			defaultConfigurationName = Release;
		};
		AAEEE04B50268D0B337A19DA /* Build configuration list for PBXNativeTarget "ListenUp" */ = {
			isa = XCConfigurationList;
			buildConfigurations = (
				59A1634DBEA1A4E0B199AD5F /* Debug */,
				C2B1C3BD270A5C866FC8C3BA /* Release */,
			);
			defaultConfigurationIsVisible = 0;
			defaultConfigurationName = Release;
		};
		D3D43E4B8DA1C114EDB693B0 /* Build configuration list for PBXProject "ListenUp" */ = {
			isa = XCConfigurationList;
			buildConfigurations = (
				756125F7766BC2F6706AA7AA /* Debug */,
				0D831DD16647A3ADCD4FAA49 /* Release */,
			);
			defaultConfigurationIsVisible = 0;
			defaultConfigurationName = Release;
		};
		F4A6DB562F3EC7F200F9C38D /* Build configuration list for PBXNativeTarget "ListenUpWidgetsExtension" */ = {
			isa = XCConfigurationList;
			buildConfigurations = (
				F4A6DB572F3EC7F200F9C38D /* Debug */,
				F4A6DB582F3EC7F200F9C38D /* Release */,
			);
			defaultConfigurationIsVisible = 0;
			defaultConfigurationName = Release;
		};
/* End XCConfigurationList section */

/* Begin XCLocalSwiftPackageReference section */
		F42CD9A42FBF6648008B9D90 /* XCLocalSwiftPackageReference "ListenUpActivityKit" */ = {
			isa = XCLocalSwiftPackageReference;
			relativePath = ListenUpActivityKit;
		};
/* End XCLocalSwiftPackageReference section */

/* Begin XCRemoteSwiftPackageReference section */
		EF6DB00BE5D7C371DEADA76A /* XCRemoteSwiftPackageReference "Nuke" */ = {
			isa = XCRemoteSwiftPackageReference;
			repositoryURL = "https://github.com/kean/Nuke";
			requirement = {
				kind = upToNextMajorVersion;
				minimumVersion = 12.8.0;
			};
		};
/* End XCRemoteSwiftPackageReference section */

/* Begin XCSwiftPackageProductDependency section */
		3055848B06D3ADDFD57B313F /* Nuke */ = {
			isa = XCSwiftPackageProductDependency;
			package = EF6DB00BE5D7C371DEADA76A /* XCRemoteSwiftPackageReference "Nuke" */;
			productName = Nuke;
		};
		A6A0CF445C4387329B59B8EA /* NukeUI */ = {
			isa = XCSwiftPackageProductDependency;
			package = EF6DB00BE5D7C371DEADA76A /* XCRemoteSwiftPackageReference "Nuke" */;
			productName = NukeUI;
		};
		F42CD9A52FBF6648008B9D90 /* ListenUpActivityKit */ = {
			isa = XCSwiftPackageProductDependency;
			productName = ListenUpActivityKit;
		};
		F42CD9A72FBF664E008B9D90 /* ListenUpActivityKit */ = {
			isa = XCSwiftPackageProductDependency;
			package = F42CD9A42FBF6648008B9D90 /* XCLocalSwiftPackageReference "ListenUpActivityKit" */;
			productName = ListenUpActivityKit;
		};
/* End XCSwiftPackageProductDependency section */
	};
	rootObject = BE39FFB3155C6847EF0CFA5D /* Project object */;
}
